
Microsoft Visual Studio Solution File, Format Version 12.00
# Visual Studio Version 16
VisualStudioVersion = 16.0.30621.155
MinimumVisualStudioVersion = 10.0.40219.1
Project("{FAE04EC0-301F-11D3-BF4B-00C04F79EFBC}") = "Escola", "Escola\Escola.csproj", "{438879DF-3457-4670-A968-0FEB41FB1CE8}"
EndProject
Global
	GlobalSection(SolutionConfigurationPlatforms) = preSolution
		Debug|Any CPU = Debug|Any CPU
		Release|Any CPU = Release|Any CPU
	EndGlobalSection
	GlobalSection(ProjectConfigurationPlatforms) = postSolution
		{438879DF-3457-4670-A968-0FEB41FB1CE8}.Debug|Any CPU.ActiveCfg = Debug|Any CPU
		{438879DF-3457-4670-A968-0FEB41FB1CE8}.Debug|Any CPU.Build.0 = Debug|Any CPU
		{438879DF-3457-4670-A968-0FEB41FB1CE8}.Release|Any CPU.ActiveCfg = Release|Any CPU
		{438879DF-3457-4670-A968-0FEB41FB1CE8}.Release|Any CPU.Build.0 = Release|Any CPU
	EndGlobalSection
	GlobalSection(SolutionProperties) = preSolution
		HideSolutionNode = FALSE
	EndGlobalSection
	GlobalSection(ExtensibilityGlobals) = postSolution
		SolutionGuid = {737EF5AC-C555-47F3-ADCB-C3583E7F3760}
	EndGlobalSection
EndGlobal
